
Microsoft Visual Studio Solution File, Format Version 12.00
# Visual Studio Version 17
VisualStudioVersion = 17.0.31903.59
MinimumVisualStudioVersion = 10.0.40219.1
Project("{FAE04EC0-301F-11D3-BF4B-00C04F79EFBC}") = "ComplexLibrary", "ComplexLibrary\ComplexLibrary.csproj", "{6838E66F-8B30-4EBC-AAD6-DB8781874EBD}"
EndProject
Project("{FAE04EC0-301F-11D3-BF4B-00C04F79EFBC}") = "ComplexConsole", "ComplexConsole\ComplexConsole.csproj", "{C124840C-52FA-4C98-926A-A95553EDAC79}"
EndProject
Project("{FAE04EC0-301F-11D3-BF4B-00C04F79EFBC}") = "ComplexApi", "ComplexApi\ComplexApi.csproj", "{EA41048B-2D68-46E6-AF10-FD95773EC025}"
EndProject
Global
	GlobalSection(SolutionConfigurationPlatforms) = preSolution
		Debug|Any CPU = Debug|Any CPU
		Release|Any CPU = Release|Any CPU
	EndGlobalSection
	GlobalSection(SolutionProperties) = preSolution
		HideSolutionNode = FALSE
	EndGlobalSection
	GlobalSection(ProjectConfigurationPlatforms) = postSolution
		{6838E66F-8B30-4EBC-AAD6-DB8781874EBD}.Debug|Any CPU.ActiveCfg = Debug|Any CPU
		{6838E66F-8B30-4EBC-AAD6-DB8781874EBD}.Debug|Any CPU.Build.0 = Debug|Any CPU
		{6838E66F-8B30-4EBC-AAD6-DB8781874EBD}.Release|Any CPU.ActiveCfg = Release|Any CPU
		{6838E66F-8B30-4EBC-AAD6-DB8781874EBD}.Release|Any CPU.Build.0 = Release|Any CPU
		{C124840C-52FA-4C98-926A-A95553EDAC79}.Debug|Any CPU.ActiveCfg = Debug|Any CPU
		{C124840C-52FA-4C98-926A-A95553EDAC79}.Debug|Any CPU.Build.0 = Debug|Any CPU
		{C124840C-52FA-4C98-926A-A95553EDAC79}.Release|Any CPU.ActiveCfg = Release|Any CPU
		{C124840C-52FA-4C98-926A-A95553EDAC79}.Release|Any CPU.Build.0 = Release|Any CPU
		{EA41048B-2D68-46E6-AF10-FD95773EC025}.Debug|Any CPU.ActiveCfg = Debug|Any CPU
		{EA41048B-2D68-46E6-AF10-FD95773EC025}.Debug|Any CPU.Build.0 = Debug|Any CPU
		{EA41048B-2D68-46E6-AF10-FD95773EC025}.Release|Any CPU.ActiveCfg = Release|Any CPU
		{EA41048B-2D68-46E6-AF10-FD95773EC025}.Release|Any CPU.Build.0 = Release|Any CPU
	EndGlobalSection
EndGlobal
